Microsoft Visual Studio Solution File, Format Version 12.00
# Visual Studio Version 17
VisualStudioVersion = 17.0.31903.59
MinimumVisualStudioVersion = 10.0.40219.1
Project("{FAE04EC0-301F-11D3-BF4B-00C04F79EFBC}") = "SqlQueryBuilder", "SqlQueryBuilder\SqlQueryBuilder.csproj", "{62895B4F-5670-40C9-9729-A9DB517A294E}"
EndProject
Project("{FAE04EC0-301F-11D3-BF4B-00C04F79EFBC}") = "SqlQueryBuilder.Console", "SqlQueryBuilder.Console\SqlQueryBuilder.Console.csproj", "{020B82D1-C1A9-40BC-822D-AED5567A58F5}"
EndProject
Project("{FAE04EC0-301F-11D3-BF4B-00C04F79EFBC}") = "SqlQueryBuilder.Tests", "SqlQueryBuilder.Tests\SqlQueryBuilder.Tests.csproj", "{9ED33733-CDBE-4F51-A9BB-3F4606C50561}"
EndProject
Global
	GlobalSection(SolutionConfigurationPlatforms) = preSolution
		Debug|Any CPU = Debug|Any CPU
		Release|Any CPU = Release|Any CPU
	EndGlobalSection
	GlobalSection(ProjectConfigurationPlatforms) = postSolution
		{62895B4F-5670-40C9-9729-A9DB517A294E}.Debug|Any CPU.ActiveCfg = Debug|Any CPU
		{62895B4F-5670-40C9-9729-A9DB517A294E}.Debug|Any CPU.Build.0 = Debug|Any CPU
		{62895B4F-5670-40C9-9729-A9DB517A294E}.Release|Any CPU.ActiveCfg = Release|Any CPU
		{62895B4F-5670-40C9-9729-A9DB517A294E}.Release|Any CPU.Build.0 = Release|Any CPU
		{020B82D1-C1A9-40BC-822D-AED5567A58F5}.Debug|Any CPU.ActiveCfg = Debug|Any CPU
		{020B82D1-C1A9-40BC-822D-AED5567A58F5}.Debug|Any CPU.Build.0 = Debug|Any CPU
		{020B82D1-C1A9-40BC-822D-AED5567A58F5}.Release|Any CPU.ActiveCfg = Release|Any CPU
		{020B82D1-C1A9-40BC-822D-AED5567A58F5}.Release|Any CPU.Build.0 = Release|Any CPU
		{9ED33733-CDBE-4F51-A9BB-3F4606C50561}.Debug|Any CPU.ActiveCfg = Debug|Any CPU
		{9ED33733-CDBE-4F51-A9BB-3F4606C50561}.Debug|Any CPU.Build.0 = Debug|Any CPU
		{9ED33733-CDBE-4F51-A9BB-3F4606C50561}.Release|Any CPU.ActiveCfg = Release|Any CPU
		{9ED33733-CDBE-4F51-A9BB-3F4606C50561}.Release|Any CPU.Build.0 = Release|Any CPU
	EndGlobalSection
EndGlobal
